// !$*UTF8*$!
{
	archiveVersion = 1;
	classes = {
	};
	objectVersion = 48;
	objects = {

/* Begin PBXBuildFile section */
		811E8D39206923D40000297D /* AppDelegate.swift in Sources */ = {isa = PBXBuildFile; fileRef = 811E8D38206923D40000297D /* AppDelegate.swift */; };
		811E8D3B206923D40000297D /* ViewController.swift in Sources */ = {isa = PBXBuildFile; fileRef = 811E8D3A206923D40000297D /* ViewController.swift */; };
		811E8D3E206923D40000297D /* Main.storyboard in Resources */ = {isa = PBXBuildFile; fileRef = 811E8D3C206923D40000297D /* Main.storyboard */; };
		811E8D40206923D40000297D /* Assets.xcassets in Resources */ = {isa = PBXBuildFile; fileRef = 811E8D3F206923D40000297D /* Assets.xcassets */; };
		811E8D43206923D40000297D /* LaunchScreen.storyboard in Resources */ = {isa = PBXBuildFile; fileRef = 811E8D41206923D40000297D /* LaunchScreen.storyboard */; };
		811E8D4E206923D40000297D /* IosCourseTests.swift in Sources */ = {isa = PBXBuildFile; fileRef = 811E8D4D206923D40000297D /* IosCourseTests.swift */; };
/* End PBXBuildFile section */

/* Begin PBXContainerItemProxy section */
		811E8D4A206923D40000297D /* PBXContainerItemProxy */ = {
			isa = PBXContainerItemProxy;
			containerPortal = 811E8D2D206923D40000297D /* Project object */;
			proxyType = 1;
			remoteGlobalIDString = 811E8D34206923D40000297D;
			remoteInfo = IosCourse;
		};
/* End PBXContainerItemProxy section */

/* Begin PBXFileReference section */
		811E8D35206923D40000297D /* IosCourse.app */ = {isa = PBXFileReference; explicitFileType = wrapper.application; includeInIndex = 0; path = IosCourse.app; sourceTree = BUILT_PRODUCTS_DIR; };
		811E8D38206923D40000297D /* AppDelegate.swift */ = {isa = PBXFileReference; lastKnownFileType = sourcecode.swift; path = AppDelegate.swift; sourceTree = "<group>"; };
		811E8D3A206923D40000297D /* ViewController.swift */ = {isa = PBXFileReference; lastKnownFileType = sourcecode.swift; path = ViewController.swift; sourceTree = "<group>"; };
		811E8D3D206923D40000297D /* Base */ = {isa = PBXFileReference; lastKnownFileType = file.storyboard; name = Base; path = Base.lproj/Main.storyboard; sourceTree = "<group>"; };
		811E8D3F206923D40000297D /* Assets.xcassets */ = {isa = PBXFileReference; lastKnownFileType = folder.assetcatalog; path = Assets.xcassets; sourceTree = "<group>"; };
		811E8D42206923D40000297D /* Base */ = {isa = PBXFileReference; lastKnownFileType = file.storyboard; name = Base; path = Base.lproj/LaunchScreen.storyboard; sourceTree = "<group>"; };
		811E8D44206923D40000297D /* Info.plist */ = {isa = PBXFileReference; lastKnownFileType = text.plist.xml; path = Info.plist; sourceTree = "<group>"; };
		811E8D49206923D40000297D /* IosCourseTests.xctest */ = {isa = PBXFileReference; explicitFileType = wrapper.cfbundle; includeInIndex = 0; path = IosCourseTests.xctest; sourceTree = BUILT_PRODUCTS_DIR; };
		811E8D4D206923D40000297D /* IosCourseTests.swift */ = {isa = PBXFileReference; lastKnownFileType = sourcecode.swift; path = IosCourseTests.swift; sourceTree = "<group>"; };
		811E8D4F206923D40000297D /* Info.plist */ = {isa = PBXFileReference; lastKnownFileType = text.plist.xml; path = Info.plist; sourceTree = "<group>"; };
/* End PBXFileReference section */

/* Begin PBXFrameworksBuildPhase section */
		811E8D32206923D40000297D /* Frameworks */ = {
			isa = PBXFrameworksBuildPhase;
			buildActionMask = 2147483647;
			files = (
			);
			runOnlyForDeploymentPostprocessing = 0;
		};
		811E8D46206923D40000297D /* Frameworks */ = {
			isa = PBXFrameworksBuildPhase;
			buildActionMask = 2147483647;
			files = (
			);
			runOnlyForDeploymentPostprocessing = 0;
		};
/* End PBXFrameworksBuildPhase section */

/* Begin PBXGroup section */
		811E8D2C206923D40000297D = {
			isa = PBXGroup;
			children = (
				811E8D37206923D40000297D /* IosCourse */,
				811E8D4C206923D40000297D /* IosCourseTests */,
				811E8D36206923D40000297D /* Products */,
			);
			sourceTree = "<group>";
		};
		811E8D36206923D40000297D /* Products */ = {
			isa = PBXGroup;
			children = (
				811E8D35206923D40000297D /* IosCourse.app */,
				811E8D49206923D40000297D /* IosCourseTests.xctest */,
			);
			name = Products;
			sourceTree = "<group>";
		};
		811E8D37206923D40000297D /* IosCourse */ = {
			isa = PBXGroup;
			children = (
				811E8D38206923D40000297D /* AppDelegate.swift */,
				811E8D3A206923D40000297D /* ViewController.swift */,
				811E8D3C206923D40000297D /* Main.storyboard */,
				811E8D3F206923D40000297D /* Assets.xcassets */,
				811E8D41206923D40000297D /* LaunchScreen.storyboard */,
				811E8D44206923D40000297D /* Info.plist */,
			);
			path = IosCourse;
			sourceTree = "<group>";
		};
		811E8D4C206923D40000297D /* IosCourseTests */ = {
			isa = PBXGroup;
			children = (
				811E8D4D206923D40000297D /* IosCourseTests.swift */,
				811E8D4F206923D40000297D /* Info.plist */,
			);
			path = IosCourseTests;
			sourceTree = "<group>";
		};
/* End PBXGroup section */

/* Begin PBXNativeTarget section */
		811E8D34206923D40000297D /* IosCourse */ = {
			isa = PBXNativeTarget;
			buildConfigurationList = 811E8D52206923D40000297D /* Build configuration list for PBXNativeTarget "IosCourse" */;
			buildPhases = (
				811E8D31206923D40000297D /* Sources */,
				811E8D32206923D40000297D /* Frameworks */,
				811E8D33206923D40000297D /* Resources */,
			);
			buildRules = (
			);
			dependencies = (
			);
			name = IosCourse;
			productName = IosCourse;
			productReference = 811E8D35206923D40000297D /* IosCourse.app */;
			productType = "com.apple.product-type.application";
		};
		811E8D48206923D40000297D /* IosCourseTests */ = {
			isa = PBXNativeTarget;
			buildConfigurationList = 811E8D55206923D40000297D /* Build configuration list for PBXNativeTarget "IosCourseTests" */;
			buildPhases = (
				811E8D45206923D40000297D /* Sources */,
				811E8D46206923D40000297D /* Frameworks */,
				811E8D47206923D40000297D /* Resources */,
			);
			buildRules = (
			);
			dependencies = (
				811E8D4B206923D40000297D /* PBXTargetDependency */,
			);
			name = IosCourseTests;
			productName = IosCourseTests;
			productReference = 811E8D49206923D40000297D /* IosCourseTests.xctest */;
			productType = "com.apple.product-type.bundle.unit-test";
		};
/* End PBXNativeTarget section */

/* Begin PBXProject section */
		811E8D2D206923D40000297D /* Project object */ = {
			isa = PBXProject;
			attributes = {
				LastSwiftUpdateCheck = 0920;
				LastUpgradeCheck = 0920;
				ORGANIZATIONNAME = GerardoPerrucci;
				TargetAttributes = {
					811E8D34206923D40000297D = {
						CreatedOnToolsVersion = 9.2;
						ProvisioningStyle = Automatic;
					};
					811E8D48206923D40000297D = {
						CreatedOnToolsVersion = 9.2;
						ProvisioningStyle = Automatic;
						TestTargetID = 811E8D34206923D40000297D;
					};
				};
			};
			buildConfigurationList = 811E8D30206923D40000297D /* Build configuration list for PBXProject "IosCourse" */;
			compatibilityVersion = "Xcode 8.0";
			developmentRegion = en;
			hasScannedForEncodings = 0;
			knownRegions = (
				en,
				Base,
			);
			mainGroup = 811E8D2C206923D40000297D;
			productRefGroup = 811E8D36206923D40000297D /* Products */;
			projectDirPath = "";
			projectRoot = "";
			targets = (
				811E8D34206923D40000297D /* IosCourse */,
				811E8D48206923D40000297D /* IosCourseTests */,
			);
		};
/* End PBXProject section */

/* Begin PBXResourcesBuildPhase section */
		811E8D33206923D40000297D /* Resources */ = {
			isa = PBXResourcesBuildPhase;
			buildActionMask = 2147483647;
			files = (
				811E8D43206923D40000297D /* LaunchScreen.storyboard in Resources */,
				811E8D40206923D40000297D /* Assets.xcassets in Resources */,
				811E8D3E206923D40000297D /* Main.storyboard in Resources */,
			);
			runOnlyForDeploymentPostprocessing = 0;
		};
		811E8D47206923D40000297D /* Resources */ = {
			isa = PBXResourcesBuildPhase;
			buildActionMask = 2147483647;
			files = (
			);
			runOnlyForDeploymentPostprocessing = 0;
		};
/* End PBXResourcesBuildPhase section */

/* Begin PBXSourcesBuildPhase section */
		811E8D31206923D40000297D /* Sources */ = {
			isa = PBXSourcesBuildPhase;
			buildActionMask = 2147483647;
			files = (
				811E8D3B206923D40000297D /* ViewController.swift in Sources */,
				811E8D39206923D40000297D /* AppDelegate.swift in Sources */,
			);
			runOnlyForDeploymentPostprocessing = 0;
		};
		811E8D45206923D40000297D /* Sources */ = {
			isa = PBXSourcesBuildPhase;
			buildActionMask = 2147483647;
			files = (
				811E8D4E206923D40000297D /* IosCourseTests.swift in Sources */,
			);
			runOnlyForDeploymentPostprocessing = 0;
		};
/* End PBXSourcesBuildPhase section */

/* Begin PBXTargetDependency section */
		811E8D4B206923D40000297D /* PBXTargetDependency */ = {
			isa = PBXTargetDependency;
			target = 811E8D34206923D40000297D /* IosCourse */;
			targetProxy = 811E8D4A206923D40000297D /* PBXContainerItemProxy */;
		};
/* End PBXTargetDependency section */

/* Begin PBXVariantGroup section */
		811E8D3C206923D40000297D /* Main.storyboard */ = {
			isa = PBXVariantGroup;
			children = (
				811E8D3D206923D40000297D /* Base */,
			);
			name = Main.storyboard;
			sourceTree = "<group>";
		};
		811E8D41206923D40000297D /* LaunchScreen.storyboard */ = {
			isa = PBXVariantGroup;
			children = (
				811E8D42206923D40000297D /* Base */,
			);
			name = LaunchScreen.storyboard;
			sourceTree = "<group>";
		};
/* End PBXVariantGroup section */

/* Begin XCBuildConfiguration section */
		811E8D50206923D40000297D /* Debug */ = {
			isa = XCBuildConfiguration;
			buildSettings = {
				ALWAYS_SEARCH_USER_PATHS = NO;
				CLANG_ANALYZER_NONNULL = YES;
				CLANG_ANALYZER_NUMBER_OBJECT_CONVERSION = YES_AGGRESSIVE;
				CLANG_CXX_LANGUAGE_STANDARD = "gnu++14";
				CLANG_CXX_LIBRARY = "libc++";
				CLANG_ENABLE_MODULES = YES;
				CLANG_ENABLE_OBJC_ARC = YES;
				CLANG_WARN_BLOCK_CAPTURE_AUTORELEASING = YES;
				CLANG_WARN_BOOL_CONVERSION = YES;
				CLANG_WARN_COMMA = YES;
				CLANG_WARN_CONSTANT_CONVERSION = YES;
				CLANG_WARN_DIRECT_OBJC_ISA_USAGE = YES_ERROR;
				CLANG_WARN_DOCUMENTATION_COMMENTS = YES;
				CLANG_WARN_EMPTY_BODY = YES;
				CLANG_WARN_ENUM_CONVERSION = YES;
				CLANG_WARN_INFINITE_RECURSION = YES;
				CLANG_WARN_INT_CONVERSION = YES;
				CLANG_WARN_NON_LITERAL_NULL_CONVERSION = YES;
				CLANG_WARN_OBJC_LITERAL_CONVERSION = YES;
				CLANG_WARN_OBJC_ROOT_CLASS = YES_ERROR;
				CLANG_WARN_RANGE_LOOP_ANALYSIS = YES;
				CLANG_WARN_STRICT_PROTOTYPES = YES;
				CLANG_WARN_SUSPICIOUS_MOVE = YES;
				CLANG_WARN_UNGUARDED_AVAILABILITY = YES_AGGRESSIVE;
				CLANG_WARN_UNREACHABLE_CODE = YES;
				CLANG_WARN__DUPLICATE_METHOD_MATCH = YES;
				CODE_SIGN_IDENTITY = "iPhone Developer";
				COPY_PHASE_STRIP = NO;
				DEBUG_INFORMATION_FORMAT = dwarf;
				ENABLE_STRICT_OBJC_MSGSEND = YES;
				ENABLE_TESTABILITY = YES;
				GCC_C_LANGUAGE_STANDARD = gnu11;
				GCC_DYNAMIC_NO_PIC = NO;
				GCC_NO_COMMON_BLOCKS = YES;
				GCC_OPTIMIZATION_LEVEL = 0;
				GCC_PREPROCESSOR_DEFINITIONS = (
					"DEBUG=1",
					"$(inherited)",
				);
				GCC_WARN_64_TO_32_BIT_CONVERSION = YES;
				GCC_WARN_ABOUT_RETURN_TYPE = YES_ERROR;
				GCC_WARN_UNDECLARED_SELECTOR = YES;
				GCC_WARN_UNINITIALIZED_AUTOS = YES_AGGRESSIVE;
				GCC_WARN_UNUSED_FUNCTION = YES;
				GCC_WARN_UNUSED_VARIABLE = YES;
				IPHONEOS_DEPLOYMENT_TARGET = 11.2;
				MTL_ENABLE_DEBUG_INFO = YES;
				ONLY_ACTIVE_ARCH = YES;
				SDKROOT = iphoneos;
				SWIFT_ACTIVE_COMPILATION_CONDITIONS = DEBUG;
				SWIFT_OPTIMIZATION_LEVEL = "-Onone";
			};
			name = Debug;
		};
		811E8D51206923D40000297D /* Release */ = {
			isa = XCBuildConfiguration;
			buildSettings = {
				ALWAYS_SEARCH_USER_PATHS = NO;
				CLANG_ANALYZER_NONNULL = YES;
				CLANG_ANALYZER_NUMBER_OBJECT_CONVERSION = YES_AGGRESSIVE;
				CLANG_CXX_LANGUAGE_STANDARD = "gnu++14";
				CLANG_CXX_LIBRARY = "libc++";
				CLANG_ENABLE_MODULES = YES;
				CLANG_ENABLE_OBJC_ARC = YES;
				CLANG_WARN_BLOCK_CAPTURE_AUTORELEASING = YES;
				CLANG_WARN_BOOL_CONVERSION = YES;
				CLANG_WARN_COMMA = YES;
				CLANG_WARN_CONSTANT_CONVERSION = YES;
				CLANG_WARN_DIRECT_OBJC_ISA_USAGE = YES_ERROR;
				CLANG_WARN_DOCUMENTATION_COMMENTS = YES;
				CLANG_WARN_EMPTY_BODY = YES;
				CLANG_WARN_ENUM_CONVERSION = YES;
				CLANG_WARN_INFINITE_RECURSION = YES;
				CLANG_WARN_INT_CONVERSION = YES;
				CLANG_WARN_NON_LITERAL_NULL_CONVERSION = YES;
				CLANG_WARN_OBJC_LITERAL_CONVERSION = YES;
				CLANG_WARN_OBJC_ROOT_CLASS = YES_ERROR;
				CLANG_WARN_RANGE_LOOP_ANALYSIS = YES;
				CLANG_WARN_STRICT_PROTOTYPES = YES;
				CLANG_WARN_SUSPICIOUS_MOVE = YES;
				CLANG_WARN_UNGUARDED_AVAILABILITY = YES_AGGRESSIVE;
				CLANG_WARN_UNREACHABLE_CODE = YES;
				CLANG_WARN__DUPLICATE_METHOD_MATCH = YES;
				CODE_SIGN_IDENTITY = "iPhone Developer";
				COPY_PHASE_STRIP = NO;
				DEBUG_INFORMATION_FORMAT = "dwarf-with-dsym";
				ENABLE_NS_ASSERTIONS = NO;
				ENABLE_STRICT_OBJC_MSGSEND = YES;
				GCC_C_LANGUAGE_STANDARD = gnu11;
				GCC_NO_COMMON_BLOCKS = YES;
				GCC_WARN_64_TO_32_BIT_CONVERSION = YES;
				GCC_WARN_ABOUT_RETURN_TYPE = YES_ERROR;
				GCC_WARN_UNDECLARED_SELECTOR = YES;
				GCC_WARN_UNINITIALIZED_AUTOS = YES_AGGRESSIVE;
				GCC_WARN_UNUSED_FUNCTION = YES;
				GCC_WARN_UNUSED_VARIABLE = YES;
				IPHONEOS_DEPLOYMENT_TARGET = 11.2;
				MTL_ENABLE_DEBUG_INFO = NO;
				SDKROOT = iphoneos;
				SWIFT_OPTIMIZATION_LEVEL = "-Owholemodule";
				VALIDATE_PRODUCT = YES;
			};
			name = Release;
		};
		811E8D53206923D40000297D /* Debug */ = {
			isa = XCBuildConfiguration;
			buildSettings = {
				ASSETCATALOG_COMPILER_APPICON_NAME = AppIcon;
				CODE_SIGN_STYLE = Automatic;
				INFOPLIST_FILE = IosCourse/Info.plist;
				LD_RUNPATH_SEARCH_PATHS = "$(inherited) @executable_path/Frameworks";
				PRODUCT_BUNDLE_IDENTIFIER = com.gerardoperrucci.IosCourse;
				PRODUCT_NAME = "$(TARGET_NAME)";
				SWIFT_VERSION = 4.0;
				TARGETED_DEVICE_FAMILY = "1,2";
			};
			name = Debug;
		};
		811E8D54206923D40000297D /* Release */ = {
			isa = XCBuildConfiguration;
			buildSettings = {
				ASSETCATALOG_COMPILER_APPICON_NAME = AppIcon;
				CODE_SIGN_STYLE = Automatic;
				INFOPLIST_FILE = IosCourse/Info.plist;
				LD_RUNPATH_SEARCH_PATHS = "$(inherited) @executable_path/Frameworks";
				PRODUCT_BUNDLE_IDENTIFIER = com.gerardoperrucci.IosCourse;
				PRODUCT_NAME = "$(TARGET_NAME)";
				SWIFT_VERSION = 4.0;
				TARGETED_DEVICE_FAMILY = "1,2";
			};
			name = Release;
		};
		811E8D56206923D40000297D /* Debug */ = {
			isa = XCBuildConfiguration;
			buildSettings = {
				ALWAYS_EMBED_SWIFT_STANDARD_LIBRARIES = YES;
				BUNDLE_LOADER = "$(TEST_HOST)";
				CODE_SIGN_STYLE = Automatic;
				INFOPLIST_FILE = IosCourseTests/Info.plist;
				LD_RUNPATH_SEARCH_PATHS = "$(inherited) @executable_path/Frameworks @loader_path/Frameworks";
				PRODUCT_BUNDLE_IDENTIFIER = com.gerardoperrucci.IosCourseTests;
				PRODUCT_NAME = "$(TARGET_NAME)";
				SWIFT_VERSION = 4.0;
				TARGETED_DEVICE_FAMILY = "1,2";
				TEST_HOST = "$(BUILT_PRODUCTS_DIR)/IosCourse.app/IosCourse";
			};
			name = Debug;
		};
		811E8D57206923D40000297D /* Release */ = {
			isa = XCBuildConfiguration;
			buildSettings = {
				ALWAYS_EMBED_SWIFT_STANDARD_LIBRARIES = YES;
				BUNDLE_LOADER = "$(TEST_HOST)";
				CODE_SIGN_STYLE = Automatic;
				INFOPLIST_FILE = IosCourseTests/Info.plist;
				LD_RUNPATH_SEARCH_PATHS = "$(inherited) @executable_path/Frameworks @loader_path/Frameworks";
				PRODUCT_BUNDLE_IDENTIFIER = com.gerardoperrucci.IosCourseTests;
				PRODUCT_NAME = "$(TARGET_NAME)";
				SWIFT_VERSION = 4.0;
				TARGETED_DEVICE_FAMILY = "1,2";
				TEST_HOST = "$(BUILT_PRODUCTS_DIR)/IosCourse.app/IosCourse";
			};
			name = Release;
		};
/* End XCBuildConfiguration section */

/* Begin XCConfigurationList section */
		811E8D30206923D40000297D /* Build configuration list for PBXProject "IosCourse" */ = {
			isa = XCConfigurationList;
			buildConfigurations = (
				811E8D50206923D40000297D /* Debug */,
				811E8D51206923D40000297D /* Release */,
			);
			defaultConfigurationIsVisible = 0;
			defaultConfigurationName = Release;
		};
		811E8D52206923D40000297D /* Build configuration list for PBXNativeTarget "IosCourse" */ = {
			isa = XCConfigurationList;
			buildConfigurations = (
				811E8D53206923D40000297D /* Debug */,
				811E8D54206923D40000297D /* Release */,
			);
			defaultConfigurationIsVisible = 0;
			defaultConfigurationName = Release;
		};
		811E8D55206923D40000297D /* Build configuration list for PBXNativeTarget "IosCourseTests" */ = {
			isa = XCConfigurationList;
			buildConfigurations = (
				811E8D56206923D40000297D /* Debug */,
				811E8D57206923D40000297D /* Release */,
			);
			defaultConfigurationIsVisible = 0;
			defaultConfigurationName = Release;
		};
/* End XCConfigurationList section */
	};
	rootObject = 811E8D2D206923D40000297D /* Project object */;
}
