// !$*UTF8*$!
{
	archiveVersion = 1;
	classes = {
	};
	objectVersion = 48;
	objects = {

/* Begin PBXBuildFile section */
		60DEC8052067205D00DA8AB5 /* AppDelegate.swift in Sources */ = {isa = PBXBuildFile; fileRef = 60DEC8042067205D00DA8AB5 /* AppDelegate.swift */; };
		60DEC8072067205D00DA8AB5 /* ViewController.swift in Sources */ = {isa = PBXBuildFile; fileRef = 60DEC8062067205D00DA8AB5 /* ViewController.swift */; };
		60DEC80A2067205D00DA8AB5 /* Main.storyboard in Resources */ = {isa = PBXBuildFile; fileRef = 60DEC8082067205D00DA8AB5 /* Main.storyboard */; };
		60DEC80C2067205D00DA8AB5 /* Assets.xcassets in Resources */ = {isa = PBXBuildFile; fileRef = 60DEC80B2067205D00DA8AB5 /* Assets.xcassets */; };
		60DEC80F2067205D00DA8AB5 /* LaunchScreen.storyboard in Resources */ = {isa = PBXBuildFile; fileRef = 60DEC80D2067205D00DA8AB5 /* LaunchScreen.storyboard */; };
		60DEC81A2067205D00DA8AB5 /* TechStackTests.swift in Sources */ = {isa = PBXBuildFile; fileRef = 60DEC8192067205D00DA8AB5 /* TechStackTests.swift */; };
/* End PBXBuildFile section */

/* Begin PBXContainerItemProxy section */
		60DEC8162067205D00DA8AB5 /* PBXContainerItemProxy */ = {
			isa = PBXContainerItemProxy;
			containerPortal = 60DEC7F92067205C00DA8AB5 /* Project object */;
			proxyType = 1;
			remoteGlobalIDString = 60DEC8002067205C00DA8AB5;
			remoteInfo = TechStack;
		};
/* End PBXContainerItemProxy section */

/* Begin PBXFileReference section */
		60DEC8012067205C00DA8AB5 /* TechStack.app */ = {isa = PBXFileReference; explicitFileType = wrapper.application; includeInIndex = 0; path = TechStack.app; sourceTree = BUILT_PRODUCTS_DIR; };
		60DEC8042067205D00DA8AB5 /* AppDelegate.swift */ = {isa = PBXFileReference; lastKnownFileType = sourcecode.swift; path = AppDelegate.swift; sourceTree = "<group>"; };
		60DEC8062067205D00DA8AB5 /* ViewController.swift */ = {isa = PBXFileReference; lastKnownFileType = sourcecode.swift; path = ViewController.swift; sourceTree = "<group>"; };
		60DEC8092067205D00DA8AB5 /* Base */ = {isa = PBXFileReference; lastKnownFileType = file.storyboard; name = Base; path = Base.lproj/Main.storyboard; sourceTree = "<group>"; };
		60DEC80B2067205D00DA8AB5 /* Assets.xcassets */ = {isa = PBXFileReference; lastKnownFileType = folder.assetcatalog; path = Assets.xcassets; sourceTree = "<group>"; };
		60DEC80E2067205D00DA8AB5 /* Base */ = {isa = PBXFileReference; lastKnownFileType = file.storyboard; name = Base; path = Base.lproj/LaunchScreen.storyboard; sourceTree = "<group>"; };
		60DEC8102067205D00DA8AB5 /* Info.plist */ = {isa = PBXFileReference; lastKnownFileType = text.plist.xml; path = Info.plist; sourceTree = "<group>"; };
		60DEC8152067205D00DA8AB5 /* TechStackTests.xctest */ = {isa = PBXFileReference; explicitFileType = wrapper.cfbundle; includeInIndex = 0; path = TechStackTests.xctest; sourceTree = BUILT_PRODUCTS_DIR; };
		60DEC8192067205D00DA8AB5 /* TechStackTests.swift */ = {isa = PBXFileReference; lastKnownFileType = sourcecode.swift; path = TechStackTests.swift; sourceTree = "<group>"; };
		60DEC81B2067205D00DA8AB5 /* Info.plist */ = {isa = PBXFileReference; lastKnownFileType = text.plist.xml; path = Info.plist; sourceTree = "<group>"; };
/* End PBXFileReference section */

/* Begin PBXFrameworksBuildPhase section */
		60DEC7FE2067205C00DA8AB5 /* Frameworks */ = {
			isa = PBXFrameworksBuildPhase;
			buildActionMask = 2147483647;
			files = (
			);
			runOnlyForDeploymentPostprocessing = 0;
		};
		60DEC8122067205D00DA8AB5 /* Frameworks */ = {
			isa = PBXFrameworksBuildPhase;
			buildActionMask = 2147483647;
			files = (
			);
			runOnlyForDeploymentPostprocessing = 0;
		};
/* End PBXFrameworksBuildPhase section */

/* Begin PBXGroup section */
		60DEC7F82067205C00DA8AB5 = {
			isa = PBXGroup;
			children = (
				60DEC8032067205C00DA8AB5 /* TechStack */,
				60DEC8182067205D00DA8AB5 /* TechStackTests */,
				60DEC8022067205C00DA8AB5 /* Products */,
			);
			sourceTree = "<group>";
		};
		60DEC8022067205C00DA8AB5 /* Products */ = {
			isa = PBXGroup;
			children = (
				60DEC8012067205C00DA8AB5 /* TechStack.app */,
				60DEC8152067205D00DA8AB5 /* TechStackTests.xctest */,
			);
			name = Products;
			sourceTree = "<group>";
		};
		60DEC8032067205C00DA8AB5 /* TechStack */ = {
			isa = PBXGroup;
			children = (
				60DEC8042067205D00DA8AB5 /* AppDelegate.swift */,
				60DEC8062067205D00DA8AB5 /* ViewController.swift */,
				60DEC8082067205D00DA8AB5 /* Main.storyboard */,
				60DEC80B2067205D00DA8AB5 /* Assets.xcassets */,
				60DEC80D2067205D00DA8AB5 /* LaunchScreen.storyboard */,
				60DEC8102067205D00DA8AB5 /* Info.plist */,
			);
			path = TechStack;
			sourceTree = "<group>";
		};
		60DEC8182067205D00DA8AB5 /* TechStackTests */ = {
			isa = PBXGroup;
			children = (
				60DEC8192067205D00DA8AB5 /* TechStackTests.swift */,
				60DEC81B2067205D00DA8AB5 /* Info.plist */,
			);
			path = TechStackTests;
			sourceTree = "<group>";
		};
/* End PBXGroup section */

/* Begin PBXNativeTarget section */
		60DEC8002067205C00DA8AB5 /* TechStack */ = {
			isa = PBXNativeTarget;
			buildConfigurationList = 60DEC81E2067205D00DA8AB5 /* Build configuration list for PBXNativeTarget "TechStack" */;
			buildPhases = (
				60DEC7FD2067205C00DA8AB5 /* Sources */,
				60DEC7FE2067205C00DA8AB5 /* Frameworks */,
				60DEC7FF2067205C00DA8AB5 /* Resources */,
			);
			buildRules = (
			);
			dependencies = (
			);
			name = TechStack;
			productName = TechStack;
			productReference = 60DEC8012067205C00DA8AB5 /* TechStack.app */;
			productType = "com.apple.product-type.application";
		};
		60DEC8142067205D00DA8AB5 /* TechStackTests */ = {
			isa = PBXNativeTarget;
			buildConfigurationList = 60DEC8212067205D00DA8AB5 /* Build configuration list for PBXNativeTarget "TechStackTests" */;
			buildPhases = (
				60DEC8112067205D00DA8AB5 /* Sources */,
				60DEC8122067205D00DA8AB5 /* Frameworks */,
				60DEC8132067205D00DA8AB5 /* Resources */,
			);
			buildRules = (
			);
			dependencies = (
				60DEC8172067205D00DA8AB5 /* PBXTargetDependency */,
			);
			name = TechStackTests;
			productName = TechStackTests;
			productReference = 60DEC8152067205D00DA8AB5 /* TechStackTests.xctest */;
			productType = "com.apple.product-type.bundle.unit-test";
		};
/* End PBXNativeTarget section */

/* Begin PBXProject section */
		60DEC7F92067205C00DA8AB5 /* Project object */ = {
			isa = PBXProject;
			attributes = {
				LastSwiftUpdateCheck = 0920;
				LastUpgradeCheck = 0920;
				ORGANIZATIONNAME = "Gerardo Perrucci";
				TargetAttributes = {
					60DEC8002067205C00DA8AB5 = {
						CreatedOnToolsVersion = 9.2;
						ProvisioningStyle = Automatic;
					};
					60DEC8142067205D00DA8AB5 = {
						CreatedOnToolsVersion = 9.2;
						ProvisioningStyle = Automatic;
						TestTargetID = 60DEC8002067205C00DA8AB5;
					};
				};
			};
			buildConfigurationList = 60DEC7FC2067205C00DA8AB5 /* Build configuration list for PBXProject "TechStack" */;
			compatibilityVersion = "Xcode 8.0";
			developmentRegion = en;
			hasScannedForEncodings = 0;
			knownRegions = (
				en,
				Base,
			);
			mainGroup = 60DEC7F82067205C00DA8AB5;
			productRefGroup = 60DEC8022067205C00DA8AB5 /* Products */;
			projectDirPath = "";
			projectRoot = "";
			targets = (
				60DEC8002067205C00DA8AB5 /* TechStack */,
				60DEC8142067205D00DA8AB5 /* TechStackTests */,
			);
		};
/* End PBXProject section */

/* Begin PBXResourcesBuildPhase section */
		60DEC7FF2067205C00DA8AB5 /* Resources */ = {
			isa = PBXResourcesBuildPhase;
			buildActionMask = 2147483647;
			files = (
				60DEC80F2067205D00DA8AB5 /* LaunchScreen.storyboard in Resources */,
				60DEC80C2067205D00DA8AB5 /* Assets.xcassets in Resources */,
				60DEC80A2067205D00DA8AB5 /* Main.storyboard in Resources */,
			);
			runOnlyForDeploymentPostprocessing = 0;
		};
		60DEC8132067205D00DA8AB5 /* Resources */ = {
			isa = PBXResourcesBuildPhase;
			buildActionMask = 2147483647;
			files = (
			);
			runOnlyForDeploymentPostprocessing = 0;
		};
/* End PBXResourcesBuildPhase section */

/* Begin PBXSourcesBuildPhase section */
		60DEC7FD2067205C00DA8AB5 /* Sources */ = {
			isa = PBXSourcesBuildPhase;
			buildActionMask = 2147483647;
			files = (
				60DEC8072067205D00DA8AB5 /* ViewController.swift in Sources */,
				60DEC8052067205D00DA8AB5 /* AppDelegate.swift in Sources */,
			);
			runOnlyForDeploymentPostprocessing = 0;
		};
		60DEC8112067205D00DA8AB5 /* Sources */ = {
			isa = PBXSourcesBuildPhase;
			buildActionMask = 2147483647;
			files = (
				60DEC81A2067205D00DA8AB5 /* TechStackTests.swift in Sources */,
			);
			runOnlyForDeploymentPostprocessing = 0;
		};
/* End PBXSourcesBuildPhase section */

/* Begin PBXTargetDependency section */
		60DEC8172067205D00DA8AB5 /* PBXTargetDependency */ = {
			isa = PBXTargetDependency;
			target = 60DEC8002067205C00DA8AB5 /* TechStack */;
			targetProxy = 60DEC8162067205D00DA8AB5 /* PBXContainerItemProxy */;
		};
/* End PBXTargetDependency section */

/* Begin PBXVariantGroup section */
		60DEC8082067205D00DA8AB5 /* Main.storyboard */ = {
			isa = PBXVariantGroup;
			children = (
				60DEC8092067205D00DA8AB5 /* Base */,
			);
			name = Main.storyboard;
			sourceTree = "<group>";
		};
		60DEC80D2067205D00DA8AB5 /* LaunchScreen.storyboard */ = {
			isa = PBXVariantGroup;
			children = (
				60DEC80E2067205D00DA8AB5 /* Base */,
			);
			name = LaunchScreen.storyboard;
			sourceTree = "<group>";
		};
/* End PBXVariantGroup section */

/* Begin XCBuildConfiguration section */
		60DEC81C2067205D00DA8AB5 /* Debug */ = {
			isa = XCBuildConfiguration;
			buildSettings = {
				ALWAYS_SEARCH_USER_PATHS = NO;
				CLANG_ANALYZER_NONNULL = YES;
				CLANG_ANALYZER_NUMBER_OBJECT_CONVERSION = YES_AGGRESSIVE;
				CLANG_CXX_LANGUAGE_STANDARD = "gnu++14";
				CLANG_CXX_LIBRARY = "libc++";
				CLANG_ENABLE_MODULES = YES;
				CLANG_ENABLE_OBJC_ARC = YES;
				CLANG_WARN_BLOCK_CAPTURE_AUTORELEASING = YES;
				CLANG_WARN_BOOL_CONVERSION = YES;
				CLANG_WARN_COMMA = YES;
				CLANG_WARN_CONSTANT_CONVERSION = YES;
				CLANG_WARN_DIRECT_OBJC_ISA_USAGE = YES_ERROR;
				CLANG_WARN_DOCUMENTATION_COMMENTS = YES;
				CLANG_WARN_EMPTY_BODY = YES;
				CLANG_WARN_ENUM_CONVERSION = YES;
				CLANG_WARN_INFINITE_RECURSION = YES;
				CLANG_WARN_INT_CONVERSION = YES;
				CLANG_WARN_NON_LITERAL_NULL_CONVERSION = YES;
				CLANG_WARN_OBJC_LITERAL_CONVERSION = YES;
				CLANG_WARN_OBJC_ROOT_CLASS = YES_ERROR;
				CLANG_WARN_RANGE_LOOP_ANALYSIS = YES;
				CLANG_WARN_STRICT_PROTOTYPES = YES;
				CLANG_WARN_SUSPICIOUS_MOVE = YES;
				CLANG_WARN_UNGUARDED_AVAILABILITY = YES_AGGRESSIVE;
				CLANG_WARN_UNREACHABLE_CODE = YES;
				CLANG_WARN__DUPLICATE_METHOD_MATCH = YES;
				CODE_SIGN_IDENTITY = "iPhone Developer";
				COPY_PHASE_STRIP = NO;
				DEBUG_INFORMATION_FORMAT = dwarf;
				ENABLE_STRICT_OBJC_MSGSEND = YES;
				ENABLE_TESTABILITY = YES;
				GCC_C_LANGUAGE_STANDARD = gnu11;
				GCC_DYNAMIC_NO_PIC = NO;
				GCC_NO_COMMON_BLOCKS = YES;
				GCC_OPTIMIZATION_LEVEL = 0;
				GCC_PREPROCESSOR_DEFINITIONS = (
					"DEBUG=1",
					"$(inherited)",
				);
				GCC_WARN_64_TO_32_BIT_CONVERSION = YES;
				GCC_WARN_ABOUT_RETURN_TYPE = YES_ERROR;
				GCC_WARN_UNDECLARED_SELECTOR = YES;
				GCC_WARN_UNINITIALIZED_AUTOS = YES_AGGRESSIVE;
				GCC_WARN_UNUSED_FUNCTION = YES;
				GCC_WARN_UNUSED_VARIABLE = YES;
				IPHONEOS_DEPLOYMENT_TARGET = 11.2;
				MTL_ENABLE_DEBUG_INFO = YES;
				ONLY_ACTIVE_ARCH = YES;
				SDKROOT = iphoneos;
				SWIFT_ACTIVE_COMPILATION_CONDITIONS = DEBUG;
				SWIFT_OPTIMIZATION_LEVEL = "-Onone";
			};
			name = Debug;
		};
		60DEC81D2067205D00DA8AB5 /* Release */ = {
			isa = XCBuildConfiguration;
			buildSettings = {
				ALWAYS_SEARCH_USER_PATHS = NO;
				CLANG_ANALYZER_NONNULL = YES;
				CLANG_ANALYZER_NUMBER_OBJECT_CONVERSION = YES_AGGRESSIVE;
				CLANG_CXX_LANGUAGE_STANDARD = "gnu++14";
				CLANG_CXX_LIBRARY = "libc++";
				CLANG_ENABLE_MODULES = YES;
				CLANG_ENABLE_OBJC_ARC = YES;
				CLANG_WARN_BLOCK_CAPTURE_AUTORELEASING = YES;
				CLANG_WARN_BOOL_CONVERSION = YES;
				CLANG_WARN_COMMA = YES;
				CLANG_WARN_CONSTANT_CONVERSION = YES;
				CLANG_WARN_DIRECT_OBJC_ISA_USAGE = YES_ERROR;
				CLANG_WARN_DOCUMENTATION_COMMENTS = YES;
				CLANG_WARN_EMPTY_BODY = YES;
				CLANG_WARN_ENUM_CONVERSION = YES;
				CLANG_WARN_INFINITE_RECURSION = YES;
				CLANG_WARN_INT_CONVERSION = YES;
				CLANG_WARN_NON_LITERAL_NULL_CONVERSION = YES;
				CLANG_WARN_OBJC_LITERAL_CONVERSION = YES;
				CLANG_WARN_OBJC_ROOT_CLASS = YES_ERROR;
				CLANG_WARN_RANGE_LOOP_ANALYSIS = YES;
				CLANG_WARN_STRICT_PROTOTYPES = YES;
				CLANG_WARN_SUSPICIOUS_MOVE = YES;
				CLANG_WARN_UNGUARDED_AVAILABILITY = YES_AGGRESSIVE;
				CLANG_WARN_UNREACHABLE_CODE = YES;
				CLANG_WARN__DUPLICATE_METHOD_MATCH = YES;
				CODE_SIGN_IDENTITY = "iPhone Developer";
				COPY_PHASE_STRIP = NO;
				DEBUG_INFORMATION_FORMAT = "dwarf-with-dsym";
				ENABLE_NS_ASSERTIONS = NO;
				ENABLE_STRICT_OBJC_MSGSEND = YES;
				GCC_C_LANGUAGE_STANDARD = gnu11;
				GCC_NO_COMMON_BLOCKS = YES;
				GCC_WARN_64_TO_32_BIT_CONVERSION = YES;
				GCC_WARN_ABOUT_RETURN_TYPE = YES_ERROR;
				GCC_WARN_UNDECLARED_SELECTOR = YES;
				GCC_WARN_UNINITIALIZED_AUTOS = YES_AGGRESSIVE;
				GCC_WARN_UNUSED_FUNCTION = YES;
				GCC_WARN_UNUSED_VARIABLE = YES;
				IPHONEOS_DEPLOYMENT_TARGET = 11.2;
				MTL_ENABLE_DEBUG_INFO = NO;
				SDKROOT = iphoneos;
				SWIFT_OPTIMIZATION_LEVEL = "-Owholemodule";
				VALIDATE_PRODUCT = YES;
			};
			name = Release;
		};
		60DEC81F2067205D00DA8AB5 /* Debug */ = {
			isa = XCBuildConfiguration;
			buildSettings = {
				ASSETCATALOG_COMPILER_APPICON_NAME = AppIcon;
				CODE_SIGN_STYLE = Automatic;
				DEVELOPMENT_TEAM = U3UP66MLGM;
				INFOPLIST_FILE = TechStack/Info.plist;
				LD_RUNPATH_SEARCH_PATHS = "$(inherited) @executable_path/Frameworks";
				PRODUCT_BUNDLE_IDENTIFIER = com.gerardoperrucci.TechStack;
				PRODUCT_NAME = "$(TARGET_NAME)";
				SWIFT_VERSION = 4.0;
				TARGETED_DEVICE_FAMILY = "1,2";
			};
			name = Debug;
		};
		60DEC8202067205D00DA8AB5 /* Release */ = {
			isa = XCBuildConfiguration;
			buildSettings = {
				ASSETCATALOG_COMPILER_APPICON_NAME = AppIcon;
				CODE_SIGN_STYLE = Automatic;
				DEVELOPMENT_TEAM = U3UP66MLGM;
				INFOPLIST_FILE = TechStack/Info.plist;
				LD_RUNPATH_SEARCH_PATHS = "$(inherited) @executable_path/Frameworks";
				PRODUCT_BUNDLE_IDENTIFIER = com.gerardoperrucci.TechStack;
				PRODUCT_NAME = "$(TARGET_NAME)";
				SWIFT_VERSION = 4.0;
				TARGETED_DEVICE_FAMILY = "1,2";
			};
			name = Release;
		};
		60DEC8222067205D00DA8AB5 /* Debug */ = {
			isa = XCBuildConfiguration;
			buildSettings = {
				ALWAYS_EMBED_SWIFT_STANDARD_LIBRARIES = YES;
				BUNDLE_LOADER = "$(TEST_HOST)";
				CODE_SIGN_STYLE = Automatic;
				INFOPLIST_FILE = TechStackTests/Info.plist;
				LD_RUNPATH_SEARCH_PATHS = "$(inherited) @executable_path/Frameworks @loader_path/Frameworks";
				PRODUCT_BUNDLE_IDENTIFIER = com.gerardoperrucci.TechStackTests;
				PRODUCT_NAME = "$(TARGET_NAME)";
				SWIFT_VERSION = 4.0;
				TARGETED_DEVICE_FAMILY = "1,2";
				TEST_HOST = "$(BUILT_PRODUCTS_DIR)/TechStack.app/TechStack";
			};
			name = Debug;
		};
		60DEC8232067205D00DA8AB5 /* Release */ = {
			isa = XCBuildConfiguration;
			buildSettings = {
				ALWAYS_EMBED_SWIFT_STANDARD_LIBRARIES = YES;
				BUNDLE_LOADER = "$(TEST_HOST)";
				CODE_SIGN_STYLE = Automatic;
				INFOPLIST_FILE = TechStackTests/Info.plist;
				LD_RUNPATH_SEARCH_PATHS = "$(inherited) @executable_path/Frameworks @loader_path/Frameworks";
				PRODUCT_BUNDLE_IDENTIFIER = com.gerardoperrucci.TechStackTests;
				PRODUCT_NAME = "$(TARGET_NAME)";
				SWIFT_VERSION = 4.0;
				TARGETED_DEVICE_FAMILY = "1,2";
				TEST_HOST = "$(BUILT_PRODUCTS_DIR)/TechStack.app/TechStack";
			};
			name = Release;
		};
/* End XCBuildConfiguration section */

/* Begin XCConfigurationList section */
		60DEC7FC2067205C00DA8AB5 /* Build configuration list for PBXProject "TechStack" */ = {
			isa = XCConfigurationList;
			buildConfigurations = (
				60DEC81C2067205D00DA8AB5 /* Debug */,
				60DEC81D2067205D00DA8AB5 /* Release */,
			);
			defaultConfigurationIsVisible = 0;
			defaultConfigurationName = Release;
		};
		60DEC81E2067205D00DA8AB5 /* Build configuration list for PBXNativeTarget "TechStack" */ = {
			isa = XCConfigurationList;
			buildConfigurations = (
				60DEC81F2067205D00DA8AB5 /* Debug */,
				60DEC8202067205D00DA8AB5 /* Release */,
			);
			defaultConfigurationIsVisible = 0;
			defaultConfigurationName = Release;
		};
		60DEC8212067205D00DA8AB5 /* Build configuration list for PBXNativeTarget "TechStackTests" */ = {
			isa = XCConfigurationList;
			buildConfigurations = (
				60DEC8222067205D00DA8AB5 /* Debug */,
				60DEC8232067205D00DA8AB5 /* Release */,
			);
			defaultConfigurationIsVisible = 0;
			defaultConfigurationName = Release;
		};
/* End XCConfigurationList section */
	};
	rootObject = 60DEC7F92067205C00DA8AB5 /* Project object */;
}
